Microsoft Visual Studio Solution File, Format Version 12.00
# Visual Studio 2012
Project("{FAE04EC0-301F-11D3-BF4B-00C04F79EFBC}") = "Summon Platforms", "Summon Platforms.csproj", "{59C75CB1-DC32-4BCF-BE95-3F2F062E70AE}"
EndProject
Global
	GlobalSection(SolutionConfigurationPlatforms) = preSolution
	Debug|Any CPU = Debug|Any CPU
	ExportDebug|Any CPU = ExportDebug|Any CPU
	ExportRelease|Any CPU = ExportRelease|Any CPU
	EndGlobalSection
	GlobalSection(ProjectConfigurationPlatforms) = postSolution
		{59C75CB1-DC32-4BCF-BE95-3F2F062E70AE}.Debug|Any CPU.ActiveCfg = Debug|Any CPU
		{59C75CB1-DC32-4BCF-BE95-3F2F062E70AE}.Debug|Any CPU.Build.0 = Debug|Any CPU
		{59C75CB1-DC32-4BCF-BE95-3F2F062E70AE}.ExportDebug|Any CPU.ActiveCfg = ExportDebug|Any CPU
		{59C75CB1-DC32-4BCF-BE95-3F2F062E70AE}.ExportDebug|Any CPU.Build.0 = ExportDebug|Any CPU
		{59C75CB1-DC32-4BCF-BE95-3F2F062E70AE}.ExportRelease|Any CPU.ActiveCfg = ExportRelease|Any CPU
		{59C75CB1-DC32-4BCF-BE95-3F2F062E70AE}.ExportRelease|Any CPU.Build.0 = ExportRelease|Any CPU
	EndGlobalSection
EndGlobal
